
Microsoft Visual Studio Solution File, Format Version 12.00
# Visual Studio Version 16
VisualStudioVersion = 16.0.29409.12
MinimumVisualStudioVersion = 10.0.40219.1
Project("{FAE04EC0-301F-11D3-BF4B-00C04F79EFBC}") = "5_5_DependencyInjectionViaProperties", "5_5_DependencyInjectionViaProperties\5_5_DependencyInjectionViaProperties.csproj", "{D3AA8027-A602-449E-BD08-801F51BC1169}"
EndProject
Project("{FAE04EC0-301F-11D3-BF4B-00C04F79EFBC}") = "TestNinja.UnitTests", "TestNinja.UnitTests\TestNinja.UnitTests.csproj", "{65D9BB75-1E13-47B5-8C22-90366BEA3FAE}"
EndProject
Global
	GlobalSection(SolutionConfigurationPlatforms) = preSolution
		Debug|Any CPU = Debug|Any CPU
		Release|Any CPU = Release|Any CPU
	EndGlobalSection
	GlobalSection(ProjectConfigurationPlatforms) = postSolution
		{D3AA8027-A602-449E-BD08-801F51BC1169}.Debug|Any CPU.ActiveCfg = Debug|Any CPU
		{D3AA8027-A602-449E-BD08-801F51BC1169}.Debug|Any CPU.Build.0 = Debug|Any CPU
		{D3AA8027-A602-449E-BD08-801F51BC1169}.Release|Any CPU.ActiveCfg = Release|Any CPU
		{D3AA8027-A602-449E-BD08-801F51BC1169}.Release|Any CPU.Build.0 = Release|Any CPU
		{65D9BB75-1E13-47B5-8C22-90366BEA3FAE}.Debug|Any CPU.ActiveCfg = Debug|Any CPU
		{65D9BB75-1E13-47B5-8C22-90366BEA3FAE}.Debug|Any CPU.Build.0 = Debug|Any CPU
		{65D9BB75-1E13-47B5-8C22-90366BEA3FAE}.Release|Any CPU.ActiveCfg = Release|Any CPU
		{65D9BB75-1E13-47B5-8C22-90366BEA3FAE}.Release|Any CPU.Build.0 = Release|Any CPU
	EndGlobalSection
	GlobalSection(SolutionProperties) = preSolution
		HideSolutionNode = FALSE
	EndGlobalSection
	GlobalSection(ExtensibilityGlobals) = postSolution
		SolutionGuid = {1551C753-6B60-4AB8-8E18-C6E8DB1907C8}
	EndGlobalSection
EndGlobal
